// !$*UTF8*$!
{
	archiveVersion = 1;
	classes = {
	};
	objectVersion = 50;
	objects = {

/* Begin PBXBuildFile section */
		D6BB396E21B4DFC4003DAF9E /* AppDelegate.m in Sources */ = {isa = PBXBuildFile; fileRef = D6BB396D21B4DFC4003DAF9E /* AppDelegate.m */; };
		D6BB397121B4DFC4003DAF9E /* ViewController.m in Sources */ = {isa = PBXBuildFile; fileRef = D6BB397021B4DFC4003DAF9E /* ViewController.m */; };
		D6BB397421B4DFC4003DAF9E /* Main.storyboard in Resources */ = {isa = PBXBuildFile; fileRef = D6BB397221B4DFC4003DAF9E /* Main.storyboard */; };
		D6BB397621B4DFC5003DAF9E /* Assets.xcassets in Resources */ = {isa = PBXBuildFile; fileRef = D6BB397521B4DFC5003DAF9E /* Assets.xcassets */; };
		D6BB397921B4DFC5003DAF9E /* LaunchScreen.storyboard in Resources */ = {isa = PBXBuildFile; fileRef = D6BB397721B4DFC5003DAF9E /* LaunchScreen.storyboard */; };
		D6BB397C21B4DFC5003DAF9E /* main.m in Sources */ = {isa = PBXBuildFile; fileRef = D6BB397B21B4DFC5003DAF9E /* main.m */; };
/* End PBXBuildFile section */

/* Begin PBXFileReference section */
		D6BB396921B4DFC4003DAF9E /* NewProduct.app */ = {isa = PBXFileReference; explicitFileType = wrapper.application; includeInIndex = 0; path = NewProduct.app; sourceTree = BUILT_PRODUCTS_DIR; };
		D6BB396C21B4DFC4003DAF9E /* AppDelegate.h */ = {isa = PBXFileReference; lastKnownFileType = sourcecode.c.h; path = AppDelegate.h; sourceTree = "<group>"; };
		D6BB396D21B4DFC4003DAF9E /* AppDelegate.m */ = {isa = PBXFileReference; lastKnownFileType = sourcecode.c.objc; path = AppDelegate.m; sourceTree = "<group>"; };
		D6BB396F21B4DFC4003DAF9E /* ViewController.h */ = {isa = PBXFileReference; lastKnownFileType = sourcecode.c.h; path = ViewController.h; sourceTree = "<group>"; };
		D6BB397021B4DFC4003DAF9E /* ViewController.m */ = {isa = PBXFileReference; lastKnownFileType = sourcecode.c.objc; path = ViewController.m; sourceTree = "<group>"; };
		D6BB397321B4DFC4003DAF9E /* Base */ = {isa = PBXFileReference; lastKnownFileType = file.storyboard; name = Base; path = Base.lproj/Main.storyboard; sourceTree = "<group>"; };
		D6BB397521B4DFC5003DAF9E /* Assets.xcassets */ = {isa = PBXFileReference; lastKnownFileType = folder.assetcatalog; path = Assets.xcassets; sourceTree = "<group>"; };
		D6BB397821B4DFC5003DAF9E /* Base */ = {isa = PBXFileReference; lastKnownFileType = file.storyboard; name = Base; path = Base.lproj/LaunchScreen.storyboard; sourceTree = "<group>"; };
		D6BB397A21B4DFC5003DAF9E /* Info.plist */ = {isa = PBXFileReference; lastKnownFileType = text.plist.xml; path = Info.plist; sourceTree = "<group>"; };
		D6BB397B21B4DFC5003DAF9E /* main.m */ = {isa = PBXFileReference; lastKnownFileType = sourcecode.c.objc; path = main.m; sourceTree = "<group>"; };
/* End PBXFileReference section */

/* Begin PBXFrameworksBuildPhase section */
		D6BB396621B4DFC4003DAF9E /* Frameworks */ = {
			isa = PBXFrameworksBuildPhase;
			buildActionMask = 2147483647;
			files = (
			);
			runOnlyForDeploymentPostprocessing = 0;
		};
/* End PBXFrameworksBuildPhase section */

/* Begin PBXGroup section */
		D6BB396021B4DFC4003DAF9E = {
			isa = PBXGroup;
			children = (
				D6BB396B21B4DFC4003DAF9E /* NewProduct */,
				D6BB396A21B4DFC4003DAF9E /* Products */,
			);
			sourceTree = "<group>";
		};
		D6BB396A21B4DFC4003DAF9E /* Products */ = {
			isa = PBXGroup;
			children = (
				D6BB396921B4DFC4003DAF9E /* NewProduct.app */,
			);
			name = Products;
			sourceTree = "<group>";
		};
		D6BB396B21B4DFC4003DAF9E /* NewProduct */ = {
			isa = PBXGroup;
			children = (
				D6BB396C21B4DFC4003DAF9E /* AppDelegate.h */,
				D6BB396D21B4DFC4003DAF9E /* AppDelegate.m */,
				D6BB396F21B4DFC4003DAF9E /* ViewController.h */,
				D6BB397021B4DFC4003DAF9E /* ViewController.m */,
				D6BB397221B4DFC4003DAF9E /* Main.storyboard */,
				D6BB397521B4DFC5003DAF9E /* Assets.xcassets */,
				D6BB397721B4DFC5003DAF9E /* LaunchScreen.storyboard */,
				D6BB397A21B4DFC5003DAF9E /* Info.plist */,
				D6BB397B21B4DFC5003DAF9E /* main.m */,
			);
			path = NewProduct;
			sourceTree = "<group>";
		};
/* End PBXGroup section */

/* Begin PBXNativeTarget section */
		D6BB396821B4DFC4003DAF9E /* NewProduct */ = {
			isa = PBXNativeTarget;
			buildConfigurationList = D6BB397F21B4DFC5003DAF9E /* Build configuration list for PBXNativeTarget "NewProduct" */;
			buildPhases = (
				D6BB396521B4DFC4003DAF9E /* Sources */,
				D6BB396621B4DFC4003DAF9E /* Frameworks */,
				D6BB396721B4DFC4003DAF9E /* Resources */,
			);
			buildRules = (
			);
			dependencies = (
			);
			name = NewProduct;
			productName = NewProduct;
			productReference = D6BB396921B4DFC4003DAF9E /* NewProduct.app */;
			productType = "com.apple.product-type.application";
		};
/* End PBXNativeTarget section */

/* Begin PBXProject section */
		D6BB396121B4DFC4003DAF9E /* Project object */ = {
			isa = PBXProject;
			attributes = {
				LastUpgradeCheck = 1010;
				ORGANIZATIONNAME = TsouMac2016;
				TargetAttributes = {
					D6BB396821B4DFC4003DAF9E = {
						CreatedOnToolsVersion = 10.1;
					};
				};
			};
			buildConfigurationList = D6BB396421B4DFC4003DAF9E /* Build configuration list for PBXProject "NewProduct" */;
			compatibilityVersion = "Xcode 9.3";
			developmentRegion = en;
			hasScannedForEncodings = 0;
			knownRegions = (
				en,
				Base,
			);
			mainGroup = D6BB396021B4DFC4003DAF9E;
			productRefGroup = D6BB396A21B4DFC4003DAF9E /* Products */;
			projectDirPath = "";
			projectRoot = "";
			targets = (
				D6BB396821B4DFC4003DAF9E /* NewProduct */,
			);
		};
/* End PBXProject section */

/* Begin PBXResourcesBuildPhase section */
		D6BB396721B4DFC4003DAF9E /* Resources */ = {
			isa = PBXResourcesBuildPhase;
			buildActionMask = 2147483647;
			files = (
				D6BB397921B4DFC5003DAF9E /* LaunchScreen.storyboard in Resources */,
				D6BB397621B4DFC5003DAF9E /* Assets.xcassets in Resources */,
				D6BB397421B4DFC4003DAF9E /* Main.storyboard in Resources */,
			);
			runOnlyForDeploymentPostprocessing = 0;
		};
/* End PBXResourcesBuildPhase section */

/* Begin PBXSourcesBuildPhase section */
		D6BB396521B4DFC4003DAF9E /* Sources */ = {
			isa = PBXSourcesBuildPhase;
			buildActionMask = 2147483647;
			files = (
				D6BB397121B4DFC4003DAF9E /* ViewController.m in Sources */,
				D6BB397C21B4DFC5003DAF9E /* main.m in Sources */,
				D6BB396E21B4DFC4003DAF9E /* AppDelegate.m in Sources */,
			);
			runOnlyForDeploymentPostprocessing = 0;
		};
/* End PBXSourcesBuildPhase section */

/* Begin PBXVariantGroup section */
		D6BB397221B4DFC4003DAF9E /* Main.storyboard */ = {
			isa = PBXVariantGroup;
			children = (
				D6BB397321B4DFC4003DAF9E /* Base */,
			);
			name = Main.storyboard;
			sourceTree = "<group>";
		};
		D6BB397721B4DFC5003DAF9E /* LaunchScreen.storyboard */ = {
			isa = PBXVariantGroup;
			children = (
				D6BB397821B4DFC5003DAF9E /* Base */,
			);
			name = LaunchScreen.storyboard;
			sourceTree = "<group>";
		};
/* End PBXVariantGroup section */

/* Begin XCBuildConfiguration section */
		D6BB397D21B4DFC5003DAF9E /* Debug */ = {
			isa = XCBuildConfiguration;
			buildSettings = {
				ALWAYS_SEARCH_USER_PATHS = NO;
				CLANG_ANALYZER_NONNULL = YES;
				CLANG_ANALYZER_NUMBER_OBJECT_CONVERSION = YES_AGGRESSIVE;
				CLANG_CXX_LANGUAGE_STANDARD = "gnu++14";
				CLANG_CXX_LIBRARY = "libc++";
				CLANG_ENABLE_MODULES = YES;
				CLANG_ENABLE_OBJC_ARC = YES;
				CLANG_ENABLE_OBJC_WEAK = YES;
				CLANG_WARN_BLOCK_CAPTURE_AUTORELEASING = YES;
				CLANG_WARN_BOOL_CONVERSION = YES;
				CLANG_WARN_COMMA = YES;
				CLANG_WARN_CONSTANT_CONVERSION = YES;
				CLANG_WARN_DEPRECATED_OBJC_IMPLEMENTATIONS = YES;
				CLANG_WARN_DIRECT_OBJC_ISA_USAGE = YES_ERROR;
				CLANG_WARN_DOCUMENTATION_COMMENTS = YES;
				CLANG_WARN_EMPTY_BODY = YES;
				CLANG_WARN_ENUM_CONVERSION = YES;
				CLANG_WARN_INFINITE_RECURSION = YES;
				CLANG_WARN_INT_CONVERSION = YES;
				CLANG_WARN_NON_LITERAL_NULL_CONVERSION = YES;
				CLANG_WARN_OBJC_IMPLICIT_RETAIN_SELF = YES;
				CLANG_WARN_OBJC_LITERAL_CONVERSION = YES;
				CLANG_WARN_OBJC_ROOT_CLASS = YES_ERROR;
				CLANG_WARN_RANGE_LOOP_ANALYSIS = YES;
				CLANG_WARN_STRICT_PROTOTYPES = YES;
				CLANG_WARN_SUSPICIOUS_MOVE = YES;
				CLANG_WARN_UNGUARDED_AVAILABILITY = YES_AGGRESSIVE;
				CLANG_WARN_UNREACHABLE_CODE = YES;
				CLANG_WARN__DUPLICATE_METHOD_MATCH = YES;
				CODE_SIGN_IDENTITY = "iPhone Developer";
				COPY_PHASE_STRIP = NO;
				DEBUG_INFORMATION_FORMAT = dwarf;
				ENABLE_STRICT_OBJC_MSGSEND = YES;
				ENABLE_TESTABILITY = YES;
				GCC_C_LANGUAGE_STANDARD = gnu11;
				GCC_DYNAMIC_NO_PIC = NO;
				GCC_NO_COMMON_BLOCKS = YES;
				GCC_OPTIMIZATION_LEVEL = 0;
				GCC_PREPROCESSOR_DEFINITIONS = (
					"DEBUG=1",
					"$(inherited)",
				);
				GCC_WARN_64_TO_32_BIT_CONVERSION = YES;
				GCC_WARN_ABOUT_RETURN_TYPE = YES_ERROR;
				GCC_WARN_UNDECLARED_SELECTOR = YES;
				GCC_WARN_UNINITIALIZED_AUTOS = YES_AGGRESSIVE;
				GCC_WARN_UNUSED_FUNCTION = YES;
				GCC_WARN_UNUSED_VARIABLE = YES;
				IPHONEOS_DEPLOYMENT_TARGET = 12.1;
				MTL_ENABLE_DEBUG_INFO = INCLUDE_SOURCE;
				MTL_FAST_MATH = YES;
				ONLY_ACTIVE_ARCH = YES;
				SDKROOT = iphoneos;
			};
			name = Debug;
		};
		D6BB397E21B4DFC5003DAF9E /* Release */ = {
			isa = XCBuildConfiguration;
			buildSettings = {
				ALWAYS_SEARCH_USER_PATHS = NO;
				CLANG_ANALYZER_NONNULL = YES;
				CLANG_ANALYZER_NUMBER_OBJECT_CONVERSION = YES_AGGRESSIVE;
				CLANG_CXX_LANGUAGE_STANDARD = "gnu++14";
				CLANG_CXX_LIBRARY = "libc++";
				CLANG_ENABLE_MODULES = YES;
				CLANG_ENABLE_OBJC_ARC = YES;
				CLANG_ENABLE_OBJC_WEAK = YES;
				CLANG_WARN_BLOCK_CAPTURE_AUTORELEASING = YES;
				CLANG_WARN_BOOL_CONVERSION = YES;
				CLANG_WARN_COMMA = YES;
				CLANG_WARN_CONSTANT_CONVERSION = YES;
				CLANG_WARN_DEPRECATED_OBJC_IMPLEMENTATIONS = YES;
				CLANG_WARN_DIRECT_OBJC_ISA_USAGE = YES_ERROR;
				CLANG_WARN_DOCUMENTATION_COMMENTS = YES;
				CLANG_WARN_EMPTY_BODY = YES;
				CLANG_WARN_ENUM_CONVERSION = YES;
				CLANG_WARN_INFINITE_RECURSION = YES;
				CLANG_WARN_INT_CONVERSION = YES;
				CLANG_WARN_NON_LITERAL_NULL_CONVERSION = YES;
				CLANG_WARN_OBJC_IMPLICIT_RETAIN_SELF = YES;
				CLANG_WARN_OBJC_LITERAL_CONVERSION = YES;
				CLANG_WARN_OBJC_ROOT_CLASS = YES_ERROR;
				CLANG_WARN_RANGE_LOOP_ANALYSIS = YES;
				CLANG_WARN_STRICT_PROTOTYPES = YES;
				CLANG_WARN_SUSPICIOUS_MOVE = YES;
				CLANG_WARN_UNGUARDED_AVAILABILITY = YES_AGGRESSIVE;
				CLANG_WARN_UNREACHABLE_CODE = YES;
				CLANG_WARN__DUPLICATE_METHOD_MATCH = YES;
				CODE_SIGN_IDENTITY = "iPhone Developer";
				COPY_PHASE_STRIP = NO;
				DEBUG_INFORMATION_FORMAT = "dwarf-with-dsym";
				ENABLE_NS_ASSERTIONS = NO;
				ENABLE_STRICT_OBJC_MSGSEND = YES;
				GCC_C_LANGUAGE_STANDARD = gnu11;
				GCC_NO_COMMON_BLOCKS = YES;
				GCC_WARN_64_TO_32_BIT_CONVERSION = YES;
				GCC_WARN_ABOUT_RETURN_TYPE = YES_ERROR;
				GCC_WARN_UNDECLARED_SELECTOR = YES;
				GCC_WARN_UNINITIALIZED_AUTOS = YES_AGGRESSIVE;
				GCC_WARN_UNUSED_FUNCTION = YES;
				GCC_WARN_UNUSED_VARIABLE = YES;
				IPHONEOS_DEPLOYMENT_TARGET = 12.1;
				MTL_ENABLE_DEBUG_INFO = NO;
				MTL_FAST_MATH = YES;
				SDKROOT = iphoneos;
				VALIDATE_PRODUCT = YES;
			};
			name = Release;
		};
		D6BB398021B4DFC5003DAF9E /* Debug */ = {
			isa = XCBuildConfiguration;
			buildSettings = {
				ASSETCATALOG_COMPILER_APPICON_NAME = AppIcon;
				CODE_SIGN_STYLE = Automatic;
				INFOPLIST_FILE = NewProduct/Info.plist;
				LD_RUNPATH_SEARCH_PATHS = (
					"$(inherited)",
					"@executable_path/Frameworks",
				);
				PRODUCT_BUNDLE_IDENTIFIER = zhoubin.NewProduct;
				PRODUCT_NAME = "$(TARGET_NAME)";
				TARGETED_DEVICE_FAMILY = "1,2";
			};
			name = Debug;
		};
		D6BB398121B4DFC5003DAF9E /* Release */ = {
			isa = XCBuildConfiguration;
			buildSettings = {
				ASSETCATALOG_COMPILER_APPICON_NAME = AppIcon;
				CODE_SIGN_STYLE = Automatic;
				INFOPLIST_FILE = NewProduct/Info.plist;
				LD_RUNPATH_SEARCH_PATHS = (
					"$(inherited)",
					"@executable_path/Frameworks",
				);
				PRODUCT_BUNDLE_IDENTIFIER = zhoubin.NewProduct;
				PRODUCT_NAME = "$(TARGET_NAME)";
				TARGETED_DEVICE_FAMILY = "1,2";
			};
			name = Release;
		};
/* End XCBuildConfiguration section */

/* Begin XCConfigurationList section */
		D6BB396421B4DFC4003DAF9E /* Build configuration list for PBXProject "NewProduct" */ = {
			isa = XCConfigurationList;
			buildConfigurations = (
				D6BB397D21B4DFC5003DAF9E /* Debug */,
				D6BB397E21B4DFC5003DAF9E /* Release */,
			);
			defaultConfigurationIsVisible = 0;
			defaultConfigurationName = Release;
		};
		D6BB397F21B4DFC5003DAF9E /* Build configuration list for PBXNativeTarget "NewProduct" */ = {
			isa = XCConfigurationList;
			buildConfigurations = (
				D6BB398021B4DFC5003DAF9E /* Debug */,
				D6BB398121B4DFC5003DAF9E /* Release */,
			);
			defaultConfigurationIsVisible = 0;
			defaultConfigurationName = Release;
		};
/* End XCConfigurationList section */
	};
	rootObject = D6BB396121B4DFC4003DAF9E /* Project object */;
}
